
Microsoft Visual Studio Solution File, Format Version 12.00
# Visual Studio Version 17
VisualStudioVersion = 17.0.31912.275
MinimumVisualStudioVersion = 10.0.40219.1
Project("{FAE04EC0-301F-11D3-BF4B-00C04F79EFBC}") = "BlackBoxWiki", "BlackBoxWiki\BlackBoxWiki.csproj", "{39A4FC08-DBAD-4035-8C75-0D688E120D62}"
EndProject
Project("{FAE04EC0-301F-11D3-BF4B-00C04F79EFBC}") = "BlackBoxWikiLib", "BlackBoxWikiLib\BlackBoxWikiLib.csproj", "{904F3449-52D9-423A-8B0C-792619753CF9}"
EndProject
Global
	GlobalSection(SolutionConfigurationPlatforms) = preSolution
		Debug|Any CPU = Debug|Any CPU
		Release|Any CPU = Release|Any CPU
	EndGlobalSection
	GlobalSection(ProjectConfigurationPlatforms) = postSolution
		{39A4FC08-DBAD-4035-8C75-0D688E120D62}.Debug|Any CPU.ActiveCfg = Debug|Any CPU
		{39A4FC08-DBAD-4035-8C75-0D688E120D62}.Debug|Any CPU.Build.0 = Debug|Any CPU
		{39A4FC08-DBAD-4035-8C75-0D688E120D62}.Release|Any CPU.ActiveCfg = Release|Any CPU
		{39A4FC08-DBAD-4035-8C75-0D688E120D62}.Release|Any CPU.Build.0 = Release|Any CPU
		{904F3449-52D9-423A-8B0C-792619753CF9}.Debug|Any CPU.ActiveCfg = Debug|Any CPU
		{904F3449-52D9-423A-8B0C-792619753CF9}.Debug|Any CPU.Build.0 = Debug|Any CPU
		{904F3449-52D9-423A-8B0C-792619753CF9}.Release|Any CPU.ActiveCfg = Release|Any CPU
		{904F3449-52D9-423A-8B0C-792619753CF9}.Release|Any CPU.Build.0 = Release|Any CPU
	EndGlobalSection
	GlobalSection(SolutionProperties) = preSolution
		HideSolutionNode = FALSE
	EndGlobalSection
	GlobalSection(ExtensibilityGlobals) = postSolution
		SolutionGuid = {38480C42-D330-4942-B6DF-5D76E4B1BECD}
	EndGlobalSection
EndGlobal
